lockfileVersion: '9.0'

settings:
  autoInstallPeers: true
  excludeLinksFromLockfile: false

importers:

  .:
    devDependencies:
      '@types/shell-quote':
        specifier: ^1.7.5
        version: 1.7.5
      shell-quote:
        specifier: ^1.8.1
        version: 1.8.1

packages:

  '@types/shell-quote@1.7.5':
    resolution: {integrity: sha512-+UE8GAGRPbJVQDdxi16dgadcBfQ+KG2vgZhV1+3A1XmHbmwcdwhCUwIdy+d3pAGrbvgRoVSjeI9vOWyq376Yzw==}

  shell-quote@1.8.1:
    resolution: {integrity: sha512-6j1W9l1iAs/4xYBI1SYOVZyFcCis9b4KCLQ8fgAGG07QvzaRLVVRQvAy85yNmmZSjYjg4MWh4gNvlPujU/5LpA==}

snapshots:

  '@types/shell-quote@1.7.5': {}

  shell-quote@1.8.1: {}
